// !$*UTF8*$!
{
	archiveVersion = 1;
	classes = {
	};
	objectVersion = 55;
	objects = {

/* Begin PBXBuildFile section */
		074AFF1228F17EFE000AF2A2 /* AppDelegate.swift in Sources */ = {isa = PBXBuildFile; fileRef = 074AFF1128F17EFE000AF2A2 /* AppDelegate.swift */; };
		074AFF1428F17EFE000AF2A2 /* SceneDelegate.swift in Sources */ = {isa = PBXBuildFile; fileRef = 074AFF1328F17EFE000AF2A2 /* SceneDelegate.swift */; };
		074AFF1928F17EFE000AF2A2 /* Main.storyboard in Resources */ = {isa = PBXBuildFile; fileRef = 074AFF1728F17EFE000AF2A2 /* Main.storyboard */; };
		074AFF1B28F17EFF000AF2A2 /* Assets.xcassets in Resources */ = {isa = PBXBuildFile; fileRef = 074AFF1A28F17EFF000AF2A2 /* Assets.xcassets */; };
		074AFF1E28F17EFF000AF2A2 /* LaunchScreen.storyboard in Resources */ = {isa = PBXBuildFile; fileRef = 074AFF1C28F17EFF000AF2A2 /* LaunchScreen.storyboard */; };
		074AFF2928F17EFF000AF2A2 /* HotCoffeeTests.swift in Sources */ = {isa = PBXBuildFile; fileRef = 074AFF2828F17EFF000AF2A2 /* HotCoffeeTests.swift */; };
		074AFF3328F17EFF000AF2A2 /* HotCoffeeUITests.swift in Sources */ = {isa = PBXBuildFile; fileRef = 074AFF3228F17EFF000AF2A2 /* HotCoffeeUITests.swift */; };
		074AFF3528F17EFF000AF2A2 /* HotCoffeeUITestsLaunchTests.swift in Sources */ = {isa = PBXBuildFile; fileRef = 074AFF3428F17EFF000AF2A2 /* HotCoffeeUITestsLaunchTests.swift */; };
		074AFF4328F180E3000AF2A2 /* OrdersTableViewController.swift in Sources */ = {isa = PBXBuildFile; fileRef = 074AFF4228F180E3000AF2A2 /* OrdersTableViewController.swift */; };
		074AFF4528F1819B000AF2A2 /* AddOrderViewController.swift in Sources */ = {isa = PBXBuildFile; fileRef = 074AFF4428F1819B000AF2A2 /* AddOrderViewController.swift */; };
/* End PBXBuildFile section */

/* Begin PBXContainerItemProxy section */
		074AFF2528F17EFF000AF2A2 /* PBXContainerItemProxy */ = {
			isa = PBXContainerItemProxy;
			containerPortal = 074AFF0628F17EFD000AF2A2 /* Project object */;
			proxyType = 1;
			remoteGlobalIDString = 074AFF0D28F17EFE000AF2A2;
			remoteInfo = HotCoffee;
		};
		074AFF2F28F17EFF000AF2A2 /* PBXContainerItemProxy */ = {
			isa = PBXContainerItemProxy;
			containerPortal = 074AFF0628F17EFD000AF2A2 /* Project object */;
			proxyType = 1;
			remoteGlobalIDString = 074AFF0D28F17EFE000AF2A2;
			remoteInfo = HotCoffee;
		};
/* End PBXContainerItemProxy section */

/* Begin PBXFileReference section */
		074AFF0E28F17EFE000AF2A2 /* HotCoffee.app */ = {isa = PBXFileReference; explicitFileType = wrapper.application; includeInIndex = 0; path = HotCoffee.app; sourceTree = BUILT_PRODUCTS_DIR; };
		074AFF1128F17EFE000AF2A2 /* AppDelegate.swift */ = {isa = PBXFileReference; lastKnownFileType = sourcecode.swift; path = AppDelegate.swift; sourceTree = "<group>"; };
		074AFF1328F17EFE000AF2A2 /* SceneDelegate.swift */ = {isa = PBXFileReference; lastKnownFileType = sourcecode.swift; path = SceneDelegate.swift; sourceTree = "<group>"; };
		074AFF1828F17EFE000AF2A2 /* Base */ = {isa = PBXFileReference; lastKnownFileType = file.storyboard; name = Base; path = Base.lproj/Main.storyboard; sourceTree = "<group>"; };
		074AFF1A28F17EFF000AF2A2 /* Assets.xcassets */ = {isa = PBXFileReference; lastKnownFileType = folder.assetcatalog; path = Assets.xcassets; sourceTree = "<group>"; };
		074AFF1D28F17EFF000AF2A2 /* Base */ = {isa = PBXFileReference; lastKnownFileType = file.storyboard; name = Base; path = Base.lproj/LaunchScreen.storyboard; sourceTree = "<group>"; };
		074AFF1F28F17EFF000AF2A2 /* Info.plist */ = {isa = PBXFileReference; lastKnownFileType = text.plist.xml; path = Info.plist; sourceTree = "<group>"; };
		074AFF2428F17EFF000AF2A2 /* HotCoffeeTests.xctest */ = {isa = PBXFileReference; explicitFileType = wrapper.cfbundle; includeInIndex = 0; path = HotCoffeeTests.xctest; sourceTree = BUILT_PRODUCTS_DIR; };
		074AFF2828F17EFF000AF2A2 /* HotCoffeeTests.swift */ = {isa = PBXFileReference; lastKnownFileType = sourcecode.swift; path = HotCoffeeTests.swift; sourceTree = "<group>"; };
		074AFF2E28F17EFF000AF2A2 /* HotCoffeeUITests.xctest */ = {isa = PBXFileReference; explicitFileType = wrapper.cfbundle; includeInIndex = 0; path = HotCoffeeUITests.xctest; sourceTree = BUILT_PRODUCTS_DIR; };
		074AFF3228F17EFF000AF2A2 /* HotCoffeeUITests.swift */ = {isa = PBXFileReference; lastKnownFileType = sourcecode.swift; path = HotCoffeeUITests.swift; sourceTree = "<group>"; };
		074AFF3428F17EFF000AF2A2 /* HotCoffeeUITestsLaunchTests.swift */ = {isa = PBXFileReference; lastKnownFileType = sourcecode.swift; path = HotCoffeeUITestsLaunchTests.swift; sourceTree = "<group>"; };
		074AFF4228F180E3000AF2A2 /* OrdersTableViewController.swift */ = {isa = PBXFileReference; lastKnownFileType = sourcecode.swift; path = OrdersTableViewController.swift; sourceTree = "<group>"; };
		074AFF4428F1819B000AF2A2 /* AddOrderViewController.swift */ = {isa = PBXFileReference; lastKnownFileType = sourcecode.swift; path = AddOrderViewController.swift; sourceTree = "<group>"; };
/* End PBXFileReference section */

/* Begin PBXFrameworksBuildPhase section */
		074AFF0B28F17EFE000AF2A2 /* Frameworks */ = {
			isa = PBXFrameworksBuildPhase;
			buildActionMask = 2147483647;
			files = (
			);
			runOnlyForDeploymentPostprocessing = 0;
		};
		074AFF2128F17EFF000AF2A2 /* Frameworks */ = {
			isa = PBXFrameworksBuildPhase;
			buildActionMask = 2147483647;
			files = (
			);
			runOnlyForDeploymentPostprocessing = 0;
		};
		074AFF2B28F17EFF000AF2A2 /* Frameworks */ = {
			isa = PBXFrameworksBuildPhase;
			buildActionMask = 2147483647;
			files = (
			);
			runOnlyForDeploymentPostprocessing = 0;
		};
/* End PBXFrameworksBuildPhase section */

/* Begin PBXGroup section */
		074AFF0528F17EFD000AF2A2 = {
			isa = PBXGroup;
			children = (
				074AFF1028F17EFE000AF2A2 /* HotCoffee */,
				074AFF2728F17EFF000AF2A2 /* HotCoffeeTests */,
				074AFF3128F17EFF000AF2A2 /* HotCoffeeUITests */,
				074AFF0F28F17EFE000AF2A2 /* Products */,
			);
			sourceTree = "<group>";
		};
		074AFF0F28F17EFE000AF2A2 /* Products */ = {
			isa = PBXGroup;
			children = (
				074AFF0E28F17EFE000AF2A2 /* HotCoffee.app */,
				074AFF2428F17EFF000AF2A2 /* HotCoffeeTests.xctest */,
				074AFF2E28F17EFF000AF2A2 /* HotCoffeeUITests.xctest */,
			);
			name = Products;
			sourceTree = "<group>";
		};
		074AFF1028F17EFE000AF2A2 /* HotCoffee */ = {
			isa = PBXGroup;
			children = (
				074AFF4128F180C5000AF2A2 /* Controllers */,
				074AFF1128F17EFE000AF2A2 /* AppDelegate.swift */,
				074AFF1328F17EFE000AF2A2 /* SceneDelegate.swift */,
				074AFF1728F17EFE000AF2A2 /* Main.storyboard */,
				074AFF1A28F17EFF000AF2A2 /* Assets.xcassets */,
				074AFF1C28F17EFF000AF2A2 /* LaunchScreen.storyboard */,
				074AFF1F28F17EFF000AF2A2 /* Info.plist */,
			);
			path = HotCoffee;
			sourceTree = "<group>";
		};
		074AFF2728F17EFF000AF2A2 /* HotCoffeeTests */ = {
			isa = PBXGroup;
			children = (
				074AFF2828F17EFF000AF2A2 /* HotCoffeeTests.swift */,
			);
			path = HotCoffeeTests;
			sourceTree = "<group>";
		};
		074AFF3128F17EFF000AF2A2 /* HotCoffeeUITests */ = {
			isa = PBXGroup;
			children = (
				074AFF3228F17EFF000AF2A2 /* HotCoffeeUITests.swift */,
				074AFF3428F17EFF000AF2A2 /* HotCoffeeUITestsLaunchTests.swift */,
			);
			path = HotCoffeeUITests;
			sourceTree = "<group>";
		};
		074AFF4128F180C5000AF2A2 /* Controllers */ = {
			isa = PBXGroup;
			children = (
				074AFF4228F180E3000AF2A2 /* OrdersTableViewController.swift */,
				074AFF4428F1819B000AF2A2 /* AddOrderViewController.swift */,
			);
			path = Controllers;
			sourceTree = "<group>";
		};
/* End PBXGroup section */

/* Begin PBXNativeTarget section */
		074AFF0D28F17EFE000AF2A2 /* HotCoffee */ = {
			isa = PBXNativeTarget;
			buildConfigurationList = 074AFF3828F17EFF000AF2A2 /* Build configuration list for PBXNativeTarget "HotCoffee" */;
			buildPhases = (
				074AFF0A28F17EFE000AF2A2 /* Sources */,
				074AFF0B28F17EFE000AF2A2 /* Frameworks */,
				074AFF0C28F17EFE000AF2A2 /* Resources */,
			);
			buildRules = (
			);
			dependencies = (
			);
			name = HotCoffee;
			productName = HotCoffee;
			productReference = 074AFF0E28F17EFE000AF2A2 /* HotCoffee.app */;
			productType = "com.apple.product-type.application";
		};
		074AFF2328F17EFF000AF2A2 /* HotCoffeeTests */ = {
			isa = PBXNativeTarget;
			buildConfigurationList = 074AFF3B28F17EFF000AF2A2 /* Build configuration list for PBXNativeTarget "HotCoffeeTests" */;
			buildPhases = (
				074AFF2028F17EFF000AF2A2 /* Sources */,
				074AFF2128F17EFF000AF2A2 /* Frameworks */,
				074AFF2228F17EFF000AF2A2 /* Resources */,
			);
			buildRules = (
			);
			dependencies = (
				074AFF2628F17EFF000AF2A2 /* PBXTargetDependency */,
			);
			name = HotCoffeeTests;
			productName = HotCoffeeTests;
			productReference = 074AFF2428F17EFF000AF2A2 /* HotCoffeeTests.xctest */;
			productType = "com.apple.product-type.bundle.unit-test";
		};
		074AFF2D28F17EFF000AF2A2 /* HotCoffeeUITests */ = {
			isa = PBXNativeTarget;
			buildConfigurationList = 074AFF3E28F17EFF000AF2A2 /* Build configuration list for PBXNativeTarget "HotCoffeeUITests" */;
			buildPhases = (
				074AFF2A28F17EFF000AF2A2 /* Sources */,
				074AFF2B28F17EFF000AF2A2 /* Frameworks */,
				074AFF2C28F17EFF000AF2A2 /* Resources */,
			);
			buildRules = (
			);
			dependencies = (
				074AFF3028F17EFF000AF2A2 /* PBXTargetDependency */,
			);
			name = HotCoffeeUITests;
			productName = HotCoffeeUITests;
			productReference = 074AFF2E28F17EFF000AF2A2 /* HotCoffeeUITests.xctest */;
			productType = "com.apple.product-type.bundle.ui-testing";
		};
/* End PBXNativeTarget section */

/* Begin PBXProject section */
		074AFF0628F17EFD000AF2A2 /* Project object */ = {
			isa = PBXProject;
			attributes = {
				BuildIndependentTargetsInParallel = 1;
				LastSwiftUpdateCheck = 1340;
				LastUpgradeCheck = 1340;
				TargetAttributes = {
					074AFF0D28F17EFE000AF2A2 = {
						CreatedOnToolsVersion = 13.4.1;
					};
					074AFF2328F17EFF000AF2A2 = {
						CreatedOnToolsVersion = 13.4.1;
						TestTargetID = 074AFF0D28F17EFE000AF2A2;
					};
					074AFF2D28F17EFF000AF2A2 = {
						CreatedOnToolsVersion = 13.4.1;
						TestTargetID = 074AFF0D28F17EFE000AF2A2;
					};
				};
			};
			buildConfigurationList = 074AFF0928F17EFD000AF2A2 /* Build configuration list for PBXProject "HotCoffee" */;
			compatibilityVersion = "Xcode 13.0";
			developmentRegion = en;
			hasScannedForEncodings = 0;
			knownRegions = (
				en,
				Base,
			);
			mainGroup = 074AFF0528F17EFD000AF2A2;
			productRefGroup = 074AFF0F28F17EFE000AF2A2 /* Products */;
			projectDirPath = "";
			projectRoot = "";
			targets = (
				074AFF0D28F17EFE000AF2A2 /* HotCoffee */,
				074AFF2328F17EFF000AF2A2 /* HotCoffeeTests */,
				074AFF2D28F17EFF000AF2A2 /* HotCoffeeUITests */,
			);
		};
/* End PBXProject section */

/* Begin PBXResourcesBuildPhase section */
		074AFF0C28F17EFE000AF2A2 /* Resources */ = {
			isa = PBXResourcesBuildPhase;
			buildActionMask = 2147483647;
			files = (
				074AFF1E28F17EFF000AF2A2 /* LaunchScreen.storyboard in Resources */,
				074AFF1B28F17EFF000AF2A2 /* Assets.xcassets in Resources */,
				074AFF1928F17EFE000AF2A2 /* Main.storyboard in Resources */,
			);
			runOnlyForDeploymentPostprocessing = 0;
		};
		074AFF2228F17EFF000AF2A2 /* Resources */ = {
			isa = PBXResourcesBuildPhase;
			buildActionMask = 2147483647;
			files = (
			);
			runOnlyForDeploymentPostprocessing = 0;
		};
		074AFF2C28F17EFF000AF2A2 /* Resources */ = {
			isa = PBXResourcesBuildPhase;
			buildActionMask = 2147483647;
			files = (
			);
			runOnlyForDeploymentPostprocessing = 0;
		};
/* End PBXResourcesBuildPhase section */

/* Begin PBXSourcesBuildPhase section */
		074AFF0A28F17EFE000AF2A2 /* Sources */ = {
			isa = PBXSourcesBuildPhase;
			buildActionMask = 2147483647;
			files = (
				074AFF1228F17EFE000AF2A2 /* AppDelegate.swift in Sources */,
				074AFF1428F17EFE000AF2A2 /* SceneDelegate.swift in Sources */,
				074AFF4328F180E3000AF2A2 /* OrdersTableViewController.swift in Sources */,
				074AFF4528F1819B000AF2A2 /* AddOrderViewController.swift in Sources */,
			);
			runOnlyForDeploymentPostprocessing = 0;
		};
		074AFF2028F17EFF000AF2A2 /* Sources */ = {
			isa = PBXSourcesBuildPhase;
			buildActionMask = 2147483647;
			files = (
				074AFF2928F17EFF000AF2A2 /* HotCoffeeTests.swift in Sources */,
			);
			runOnlyForDeploymentPostprocessing = 0;
		};
		074AFF2A28F17EFF000AF2A2 /* Sources */ = {
			isa = PBXSourcesBuildPhase;
			buildActionMask = 2147483647;
			files = (
				074AFF3528F17EFF000AF2A2 /* HotCoffeeUITestsLaunchTests.swift in Sources */,
				074AFF3328F17EFF000AF2A2 /* HotCoffeeUITests.swift in Sources */,
			);
			runOnlyForDeploymentPostprocessing = 0;
		};
/* End PBXSourcesBuildPhase section */

/* Begin PBXTargetDependency section */
		074AFF2628F17EFF000AF2A2 /* PBXTargetDependency */ = {
			isa = PBXTargetDependency;
			target = 074AFF0D28F17EFE000AF2A2 /* HotCoffee */;
			targetProxy = 074AFF2528F17EFF000AF2A2 /* PBXContainerItemProxy */;
		};
		074AFF3028F17EFF000AF2A2 /* PBXTargetDependency */ = {
			isa = PBXTargetDependency;
			target = 074AFF0D28F17EFE000AF2A2 /* HotCoffee */;
			targetProxy = 074AFF2F28F17EFF000AF2A2 /* PBXContainerItemProxy */;
		};
/* End PBXTargetDependency section */

/* Begin PBXVariantGroup section */
		074AFF1728F17EFE000AF2A2 /* Main.storyboard */ = {
			isa = PBXVariantGroup;
			children = (
				074AFF1828F17EFE000AF2A2 /* Base */,
			);
			name = Main.storyboard;
			sourceTree = "<group>";
		};
		074AFF1C28F17EFF000AF2A2 /* LaunchScreen.storyboard */ = {
			isa = PBXVariantGroup;
			children = (
				074AFF1D28F17EFF000AF2A2 /* Base */,
			);
			name = LaunchScreen.storyboard;
			sourceTree = "<group>";
		};
/* End PBXVariantGroup section */

/* Begin XCBuildConfiguration section */
		074AFF3628F17EFF000AF2A2 /* Debug */ = {
			isa = XCBuildConfiguration;
			buildSettings = {
				ALWAYS_SEARCH_USER_PATHS = NO;
				CLANG_ANALYZER_NONNULL = YES;
				CLANG_ANALYZER_NUMBER_OBJECT_CONVERSION = YES_AGGRESSIVE;
				CLANG_CXX_LANGUAGE_STANDARD = "gnu++17";
				CLANG_ENABLE_MODULES = YES;
				CLANG_ENABLE_OBJC_ARC = YES;
				CLANG_ENABLE_OBJC_WEAK = YES;
				CLANG_WARN_BLOCK_CAPTURE_AUTORELEASING = YES;
				CLANG_WARN_BOOL_CONVERSION = YES;
				CLANG_WARN_COMMA = YES;
				CLANG_WARN_CONSTANT_CONVERSION = YES;
				CLANG_WARN_DEPRECATED_OBJC_IMPLEMENTATIONS = YES;
				CLANG_WARN_DIRECT_OBJC_ISA_USAGE = YES_ERROR;
				CLANG_WARN_DOCUMENTATION_COMMENTS = YES;
				CLANG_WARN_EMPTY_BODY = YES;
				CLANG_WARN_ENUM_CONVERSION = YES;
				CLANG_WARN_INFINITE_RECURSION = YES;
				CLANG_WARN_INT_CONVERSION = YES;
				CLANG_WARN_NON_LITERAL_NULL_CONVERSION = YES;
				CLANG_WARN_OBJC_IMPLICIT_RETAIN_SELF = YES;
				CLANG_WARN_OBJC_LITERAL_CONVERSION = YES;
				CLANG_WARN_OBJC_ROOT_CLASS = YES_ERROR;
				CLANG_WARN_QUOTED_INCLUDE_IN_FRAMEWORK_HEADER = YES;
				CLANG_WARN_RANGE_LOOP_ANALYSIS = YES;
				CLANG_WARN_STRICT_PROTOTYPES = YES;
				CLANG_WARN_SUSPICIOUS_MOVE = YES;
				CLANG_WARN_UNGUARDED_AVAILABILITY = YES_AGGRESSIVE;
				CLANG_WARN_UNREACHABLE_CODE = YES;
				CLANG_WARN__DUPLICATE_METHOD_MATCH = YES;
				COPY_PHASE_STRIP = NO;
				DEBUG_INFORMATION_FORMAT = dwarf;
				ENABLE_STRICT_OBJC_MSGSEND = YES;
				ENABLE_TESTABILITY = YES;
				GCC_C_LANGUAGE_STANDARD = gnu11;
				GCC_DYNAMIC_NO_PIC = NO;
				GCC_NO_COMMON_BLOCKS = YES;
				GCC_OPTIMIZATION_LEVEL = 0;
				GCC_PREPROCESSOR_DEFINITIONS = (
					"DEBUG=1",
					"$(inherited)",
				);
				GCC_WARN_64_TO_32_BIT_CONVERSION = YES;
				GCC_WARN_ABOUT_RETURN_TYPE = YES_ERROR;
				GCC_WARN_UNDECLARED_SELECTOR = YES;
				GCC_WARN_UNINITIALIZED_AUTOS = YES_AGGRESSIVE;
				GCC_WARN_UNUSED_FUNCTION = YES;
				GCC_WARN_UNUSED_VARIABLE = YES;
				IPHONEOS_DEPLOYMENT_TARGET = 15.5;
				MTL_ENABLE_DEBUG_INFO = INCLUDE_SOURCE;
				MTL_FAST_MATH = YES;
				ONLY_ACTIVE_ARCH = YES;
				SDKROOT = iphoneos;
				SWIFT_ACTIVE_COMPILATION_CONDITIONS = DEBUG;
				SWIFT_OPTIMIZATION_LEVEL = "-Onone";
			};
			name = Debug;
		};
		074AFF3728F17EFF000AF2A2 /* Release */ = {
			isa = XCBuildConfiguration;
			buildSettings = {
				ALWAYS_SEARCH_USER_PATHS = NO;
				CLANG_ANALYZER_NONNULL = YES;
				CLANG_ANALYZER_NUMBER_OBJECT_CONVERSION = YES_AGGRESSIVE;
				CLANG_CXX_LANGUAGE_STANDARD = "gnu++17";
				CLANG_ENABLE_MODULES = YES;
				CLANG_ENABLE_OBJC_ARC = YES;
				CLANG_ENABLE_OBJC_WEAK = YES;
				CLANG_WARN_BLOCK_CAPTURE_AUTORELEASING = YES;
				CLANG_WARN_BOOL_CONVERSION = YES;
				CLANG_WARN_COMMA = YES;
				CLANG_WARN_CONSTANT_CONVERSION = YES;
				CLANG_WARN_DEPRECATED_OBJC_IMPLEMENTATIONS = YES;
				CLANG_WARN_DIRECT_OBJC_ISA_USAGE = YES_ERROR;
				CLANG_WARN_DOCUMENTATION_COMMENTS = YES;
				CLANG_WARN_EMPTY_BODY = YES;
				CLANG_WARN_ENUM_CONVERSION = YES;
				CLANG_WARN_INFINITE_RECURSION = YES;
				CLANG_WARN_INT_CONVERSION = YES;
				CLANG_WARN_NON_LITERAL_NULL_CONVERSION = YES;
				CLANG_WARN_OBJC_IMPLICIT_RETAIN_SELF = YES;
				CLANG_WARN_OBJC_LITERAL_CONVERSION = YES;
				CLANG_WARN_OBJC_ROOT_CLASS = YES_ERROR;
				CLANG_WARN_QUOTED_INCLUDE_IN_FRAMEWORK_HEADER = YES;
				CLANG_WARN_RANGE_LOOP_ANALYSIS = YES;
				CLANG_WARN_STRICT_PROTOTYPES = YES;
				CLANG_WARN_SUSPICIOUS_MOVE = YES;
				CLANG_WARN_UNGUARDED_AVAILABILITY = YES_AGGRESSIVE;
				CLANG_WARN_UNREACHABLE_CODE = YES;
				CLANG_WARN__DUPLICATE_METHOD_MATCH = YES;
				COPY_PHASE_STRIP = NO;
				DEBUG_INFORMATION_FORMAT = "dwarf-with-dsym";
				ENABLE_NS_ASSERTIONS = NO;
				ENABLE_STRICT_OBJC_MSGSEND = YES;
				GCC_C_LANGUAGE_STANDARD = gnu11;
				GCC_NO_COMMON_BLOCKS = YES;
				GCC_WARN_64_TO_32_BIT_CONVERSION = YES;
				GCC_WARN_ABOUT_RETURN_TYPE = YES_ERROR;
				GCC_WARN_UNDECLARED_SELECTOR = YES;
				GCC_WARN_UNINITIALIZED_AUTOS = YES_AGGRESSIVE;
				GCC_WARN_UNUSED_FUNCTION = YES;
				GCC_WARN_UNUSED_VARIABLE = YES;
				IPHONEOS_DEPLOYMENT_TARGET = 15.5;
				MTL_ENABLE_DEBUG_INFO = NO;
				MTL_FAST_MATH = YES;
				SDKROOT = iphoneos;
				SWIFT_COMPILATION_MODE = wholemodule;
				SWIFT_OPTIMIZATION_LEVEL = "-O";
				VALIDATE_PRODUCT = YES;
			};
			name = Release;
		};
		074AFF3928F17EFF000AF2A2 /* Debug */ = {
			isa = XCBuildConfiguration;
			buildSettings = {
				ASSETCATALOG_COMPILER_APPICON_NAME = AppIcon;
				ASSETCATALOG_COMPILER_GLOBAL_ACCENT_COLOR_NAME = AccentColor;
				CODE_SIGN_STYLE = Automatic;
				CURRENT_PROJECT_VERSION = 1;
				DEVELOPMENT_TEAM = NF9G85TZ2T;
				GENERATE_INFOPLIST_FILE = YES;
				INFOPLIST_FILE = HotCoffee/Info.plist;
				INFOPLIST_KEY_UIApplicationSupportsIndirectInputEvents = YES;
				INFOPLIST_KEY_UILaunchStoryboardName = LaunchScreen;
				INFOPLIST_KEY_UIMainStoryboardFile = Main;
				INFOPLIST_KEY_UISupportedInterfaceOrientations_iPad = "UIInterfaceOrientationPortrait UIInterfaceOrientationPortraitUpsideDown UIInterfaceOrientationLandscapeLeft UIInterfaceOrientationLandscapeRight";
				INFOPLIST_KEY_UISupportedInterfaceOrientations_iPhone = "UIInterfaceOrientationPortrait UIInterfaceOrientationLandscapeLeft UIInterfaceOrientationLandscapeRight";
				LD_RUNPATH_SEARCH_PATHS = (
					"$(inherited)",
					"@executable_path/Frameworks",
				);
				MARKETING_VERSION = 1.0;
				PRODUCT_BUNDLE_IDENTIFIER = OurTrees.HotCoffee;
				PRODUCT_NAME = "$(TARGET_NAME)";
				SWIFT_EMIT_LOC_STRINGS = YES;
				SWIFT_VERSION = 5.0;
				TARGETED_DEVICE_FAMILY = "1,2";
			};
			name = Debug;
		};
		074AFF3A28F17EFF000AF2A2 /* Release */ = {
			isa = XCBuildConfiguration;
			buildSettings = {
				ASSETCATALOG_COMPILER_APPICON_NAME = AppIcon;
				ASSETCATALOG_COMPILER_GLOBAL_ACCENT_COLOR_NAME = AccentColor;
				CODE_SIGN_STYLE = Automatic;
				CURRENT_PROJECT_VERSION = 1;
				DEVELOPMENT_TEAM = NF9G85TZ2T;
				GENERATE_INFOPLIST_FILE = YES;
				INFOPLIST_FILE = HotCoffee/Info.plist;
				INFOPLIST_KEY_UIApplicationSupportsIndirectInputEvents = YES;
				INFOPLIST_KEY_UILaunchStoryboardName = LaunchScreen;
				INFOPLIST_KEY_UIMainStoryboardFile = Main;
				INFOPLIST_KEY_UISupportedInterfaceOrientations_iPad = "UIInterfaceOrientationPortrait UIInterfaceOrientationPortraitUpsideDown UIInterfaceOrientationLandscapeLeft UIInterfaceOrientationLandscapeRight";
				INFOPLIST_KEY_UISupportedInterfaceOrientations_iPhone = "UIInterfaceOrientationPortrait UIInterfaceOrientationLandscapeLeft UIInterfaceOrientationLandscapeRight";
				LD_RUNPATH_SEARCH_PATHS = (
					"$(inherited)",
					"@executable_path/Frameworks",
				);
				MARKETING_VERSION = 1.0;
				PRODUCT_BUNDLE_IDENTIFIER = OurTrees.HotCoffee;
				PRODUCT_NAME = "$(TARGET_NAME)";
				SWIFT_EMIT_LOC_STRINGS = YES;
				SWIFT_VERSION = 5.0;
				TARGETED_DEVICE_FAMILY = "1,2";
			};
			name = Release;
		};
		074AFF3C28F17EFF000AF2A2 /* Debug */ = {
			isa = XCBuildConfiguration;
			buildSettings = {
				ALWAYS_EMBED_SWIFT_STANDARD_LIBRARIES = YES;
				BUNDLE_LOADER = "$(TEST_HOST)";
				CODE_SIGN_STYLE = Automatic;
				CURRENT_PROJECT_VERSION = 1;
				DEVELOPMENT_TEAM = NF9G85TZ2T;
				GENERATE_INFOPLIST_FILE = YES;
				IPHONEOS_DEPLOYMENT_TARGET = 15.5;
				MARKETING_VERSION = 1.0;
				PRODUCT_BUNDLE_IDENTIFIER = OurTrees.HotCoffeeTests;
				PRODUCT_NAME = "$(TARGET_NAME)";
				SWIFT_EMIT_LOC_STRINGS = NO;
				SWIFT_VERSION = 5.0;
				TARGETED_DEVICE_FAMILY = "1,2";
				TEST_HOST = "$(BUILT_PRODUCTS_DIR)/HotCoffee.app/HotCoffee";
			};
			name = Debug;
		};
		074AFF3D28F17EFF000AF2A2 /* Release */ = {
			isa = XCBuildConfiguration;
			buildSettings = {
				ALWAYS_EMBED_SWIFT_STANDARD_LIBRARIES = YES;
				BUNDLE_LOADER = "$(TEST_HOST)";
				CODE_SIGN_STYLE = Automatic;
				CURRENT_PROJECT_VERSION = 1;
				DEVELOPMENT_TEAM = NF9G85TZ2T;
				GENERATE_INFOPLIST_FILE = YES;
				IPHONEOS_DEPLOYMENT_TARGET = 15.5;
				MARKETING_VERSION = 1.0;
				PRODUCT_BUNDLE_IDENTIFIER = OurTrees.HotCoffeeTests;
				PRODUCT_NAME = "$(TARGET_NAME)";
				SWIFT_EMIT_LOC_STRINGS = NO;
				SWIFT_VERSION = 5.0;
				TARGETED_DEVICE_FAMILY = "1,2";
				TEST_HOST = "$(BUILT_PRODUCTS_DIR)/HotCoffee.app/HotCoffee";
			};
			name = Release;
		};
		074AFF3F28F17EFF000AF2A2 /* Debug */ = {
			isa = XCBuildConfiguration;
			buildSettings = {
				ALWAYS_EMBED_SWIFT_STANDARD_LIBRARIES = YES;
				CODE_SIGN_STYLE = Automatic;
				CURRENT_PROJECT_VERSION = 1;
				DEVELOPMENT_TEAM = NF9G85TZ2T;
				GENERATE_INFOPLIST_FILE = YES;
				MARKETING_VERSION = 1.0;
				PRODUCT_BUNDLE_IDENTIFIER = OurTrees.HotCoffeeUITests;
				PRODUCT_NAME = "$(TARGET_NAME)";
				SWIFT_EMIT_LOC_STRINGS = NO;
				SWIFT_VERSION = 5.0;
				TARGETED_DEVICE_FAMILY = "1,2";
				TEST_TARGET_NAME = HotCoffee;
			};
			name = Debug;
		};
		074AFF4028F17EFF000AF2A2 /* Release */ = {
			isa = XCBuildConfiguration;
			buildSettings = {
				ALWAYS_EMBED_SWIFT_STANDARD_LIBRARIES = YES;
				CODE_SIGN_STYLE = Automatic;
				CURRENT_PROJECT_VERSION = 1;
				DEVELOPMENT_TEAM = NF9G85TZ2T;
				GENERATE_INFOPLIST_FILE = YES;
				MARKETING_VERSION = 1.0;
				PRODUCT_BUNDLE_IDENTIFIER = OurTrees.HotCoffeeUITests;
				PRODUCT_NAME = "$(TARGET_NAME)";
				SWIFT_EMIT_LOC_STRINGS = NO;
				SWIFT_VERSION = 5.0;
				TARGETED_DEVICE_FAMILY = "1,2";
				TEST_TARGET_NAME = HotCoffee;
			};
			name = Release;
		};
/* End XCBuildConfiguration section */

/* Begin XCConfigurationList section */
		074AFF0928F17EFD000AF2A2 /* Build configuration list for PBXProject "HotCoffee" */ = {
			isa = XCConfigurationList;
			buildConfigurations = (
				074AFF3628F17EFF000AF2A2 /* Debug */,
				074AFF3728F17EFF000AF2A2 /* Release */,
			);
			defaultConfigurationIsVisible = 0;
			defaultConfigurationName = Release;
		};
		074AFF3828F17EFF000AF2A2 /* Build configuration list for PBXNativeTarget "HotCoffee" */ = {
			isa = XCConfigurationList;
			buildConfigurations = (
				074AFF3928F17EFF000AF2A2 /* Debug */,
				074AFF3A28F17EFF000AF2A2 /* Release */,
			);
			defaultConfigurationIsVisible = 0;
			defaultConfigurationName = Release;
		};
		074AFF3B28F17EFF000AF2A2 /* Build configuration list for PBXNativeTarget "HotCoffeeTests" */ = {
			isa = XCConfigurationList;
			buildConfigurations = (
				074AFF3C28F17EFF000AF2A2 /* Debug */,
				074AFF3D28F17EFF000AF2A2 /* Release */,
			);
			defaultConfigurationIsVisible = 0;
			defaultConfigurationName = Release;
		};
		074AFF3E28F17EFF000AF2A2 /* Build configuration list for PBXNativeTarget "HotCoffeeUITests" */ = {
			isa = XCConfigurationList;
			buildConfigurations = (
				074AFF3F28F17EFF000AF2A2 /* Debug */,
				074AFF4028F17EFF000AF2A2 /* Release */,
			);
			defaultConfigurationIsVisible = 0;
			defaultConfigurationName = Release;
		};
/* End XCConfigurationList section */
	};
	rootObject = 074AFF0628F17EFD000AF2A2 /* Project object */;
}
