// !$*UTF8*$!
{
	archiveVersion = 1;
	classes = {
	};
	objectVersion = 55;
	objects = {

/* Begin PBXBuildFile section */
		078035C928FD55750041F337 /* AppDelegate.swift in Sources */ = {isa = PBXBuildFile; fileRef = 078035C828FD55750041F337 /* AppDelegate.swift */; };
		078035CB28FD55750041F337 /* SceneDelegate.swift in Sources */ = {isa = PBXBuildFile; fileRef = 078035CA28FD55750041F337 /* SceneDelegate.swift */; };
		078035CD28FD55750041F337 /* ViewController.swift in Sources */ = {isa = PBXBuildFile; fileRef = 078035CC28FD55750041F337 /* ViewController.swift */; };
		078035D028FD55750041F337 /* Main.storyboard in Resources */ = {isa = PBXBuildFile; fileRef = 078035CE28FD55750041F337 /* Main.storyboard */; };
		078035D228FD55770041F337 /* Assets.xcassets in Resources */ = {isa = PBXBuildFile; fileRef = 078035D128FD55770041F337 /* Assets.xcassets */; };
		078035D528FD55770041F337 /* LaunchScreen.storyboard in Resources */ = {isa = PBXBuildFile; fileRef = 078035D328FD55770041F337 /* LaunchScreen.storyboard */; };
		078035DE28FD5DA60041F337 /* WeatherListTableViewController.swift in Sources */ = {isa = PBXBuildFile; fileRef = 078035DD28FD5DA60041F337 /* WeatherListTableViewController.swift */; };
		078035E028FD5DDC0041F337 /* AddWeatherCityViewController.swift in Sources */ = {isa = PBXBuildFile; fileRef = 078035DF28FD5DDC0041F337 /* AddWeatherCityViewController.swift */; };
		078035E328FD670F0041F337 /* WeatherCell.swift in Sources */ = {isa = PBXBuildFile; fileRef = 078035E228FD670F0041F337 /* WeatherCell.swift */; };
		078035E628FD71630041F337 /* Webservice.swift in Sources */ = {isa = PBXBuildFile; fileRef = 078035E528FD71630041F337 /* Webservice.swift */; };
		078035E928FD796F0041F337 /* WeatherResponse.swift in Sources */ = {isa = PBXBuildFile; fileRef = 078035E828FD796F0041F337 /* WeatherResponse.swift */; };
		078035EC28FD820F0041F337 /* AddWeatherViewModel.swift in Sources */ = {isa = PBXBuildFile; fileRef = 078035EB28FD820F0041F337 /* AddWeatherViewModel.swift */; };
		078035EF28FD82600041F337 /* Constants.swift in Sources */ = {isa = PBXBuildFile; fileRef = 078035EE28FD82600041F337 /* Constants.swift */; };
		078035F228FD82E10041F337 /* String+Extension.swift in Sources */ = {isa = PBXBuildFile; fileRef = 078035F128FD82E10041F337 /* String+Extension.swift */; };
		078035F428FD84E20041F337 /* WeatherListViewModel.swift in Sources */ = {isa = PBXBuildFile; fileRef = 078035F328FD84E20041F337 /* WeatherListViewModel.swift */; };
		078035F628FD8D140041F337 /* Double+Extension.swift in Sources */ = {isa = PBXBuildFile; fileRef = 078035F528FD8D140041F337 /* Double+Extension.swift */; };
		078035F828FD8F090041F337 /* AppSettingTableViewController.swift in Sources */ = {isa = PBXBuildFile; fileRef = 078035F728FD8F090041F337 /* AppSettingTableViewController.swift */; };
/* End PBXBuildFile section */

/* Begin PBXFileReference section */
		078035C528FD55750041F337 /* GoodWeather.app */ = {isa = PBXFileReference; explicitFileType = wrapper.application; includeInIndex = 0; path = GoodWeather.app; sourceTree = BUILT_PRODUCTS_DIR; };
		078035C828FD55750041F337 /* AppDelegate.swift */ = {isa = PBXFileReference; lastKnownFileType = sourcecode.swift; path = AppDelegate.swift; sourceTree = "<group>"; };
		078035CA28FD55750041F337 /* SceneDelegate.swift */ = {isa = PBXFileReference; lastKnownFileType = sourcecode.swift; path = SceneDelegate.swift; sourceTree = "<group>"; };
		078035CC28FD55750041F337 /* ViewController.swift */ = {isa = PBXFileReference; lastKnownFileType = sourcecode.swift; path = ViewController.swift; sourceTree = "<group>"; };
		078035CF28FD55750041F337 /* Base */ = {isa = PBXFileReference; lastKnownFileType = file.storyboard; name = Base; path = Base.lproj/Main.storyboard; sourceTree = "<group>"; };
		078035D128FD55770041F337 /* Assets.xcassets */ = {isa = PBXFileReference; lastKnownFileType = folder.assetcatalog; path = Assets.xcassets; sourceTree = "<group>"; };
		078035D428FD55770041F337 /* Base */ = {isa = PBXFileReference; lastKnownFileType = file.storyboard; name = Base; path = Base.lproj/LaunchScreen.storyboard; sourceTree = "<group>"; };
		078035D628FD55770041F337 /* Info.plist */ = {isa = PBXFileReference; lastKnownFileType = text.plist.xml; path = Info.plist; sourceTree = "<group>"; };
		078035DD28FD5DA60041F337 /* WeatherListTableViewController.swift */ = {isa = PBXFileReference; lastKnownFileType = sourcecode.swift; path = WeatherListTableViewController.swift; sourceTree = "<group>"; };
		078035DF28FD5DDC0041F337 /* AddWeatherCityViewController.swift */ = {isa = PBXFileReference; lastKnownFileType = sourcecode.swift; path = AddWeatherCityViewController.swift; sourceTree = "<group>"; };
		078035E228FD670F0041F337 /* WeatherCell.swift */ = {isa = PBXFileReference; lastKnownFileType = sourcecode.swift; path = WeatherCell.swift; sourceTree = "<group>"; };
		078035E528FD71630041F337 /* Webservice.swift */ = {isa = PBXFileReference; lastKnownFileType = sourcecode.swift; path = Webservice.swift; sourceTree = "<group>"; };
		078035E828FD796F0041F337 /* WeatherResponse.swift */ = {isa = PBXFileReference; lastKnownFileType = sourcecode.swift; path = WeatherResponse.swift; sourceTree = "<group>"; };
		078035EB28FD820F0041F337 /* AddWeatherViewModel.swift */ = {isa = PBXFileReference; lastKnownFileType = sourcecode.swift; path = AddWeatherViewModel.swift; sourceTree = "<group>"; };
		078035EE28FD82600041F337 /* Constants.swift */ = {isa = PBXFileReference; lastKnownFileType = sourcecode.swift; path = Constants.swift; sourceTree = "<group>"; };
		078035F128FD82E10041F337 /* String+Extension.swift */ = {isa = PBXFileReference; lastKnownFileType = sourcecode.swift; path = "String+Extension.swift"; sourceTree = "<group>"; };
		078035F328FD84E20041F337 /* WeatherListViewModel.swift */ = {isa = PBXFileReference; lastKnownFileType = sourcecode.swift; path = WeatherListViewModel.swift; sourceTree = "<group>"; };
		078035F528FD8D140041F337 /* Double+Extension.swift */ = {isa = PBXFileReference; lastKnownFileType = sourcecode.swift; path = "Double+Extension.swift"; sourceTree = "<group>"; };
		078035F728FD8F090041F337 /* AppSettingTableViewController.swift */ = {isa = PBXFileReference; lastKnownFileType = sourcecode.swift; path = AppSettingTableViewController.swift; sourceTree = "<group>"; };
/* End PBXFileReference section */

/* Begin PBXFrameworksBuildPhase section */
		078035C228FD55750041F337 /* Frameworks */ = {
			isa = PBXFrameworksBuildPhase;
			buildActionMask = 2147483647;
			files = (
			);
			runOnlyForDeploymentPostprocessing = 0;
		};
/* End PBXFrameworksBuildPhase section */

/* Begin PBXGroup section */
		078035BC28FD55750041F337 = {
			isa = PBXGroup;
			children = (
				078035C728FD55750041F337 /* GoodWeather */,
				078035C628FD55750041F337 /* Products */,
			);
			sourceTree = "<group>";
		};
		078035C628FD55750041F337 /* Products */ = {
			isa = PBXGroup;
			children = (
				078035C528FD55750041F337 /* GoodWeather.app */,
			);
			name = Products;
			sourceTree = "<group>";
		};
		078035C728FD55750041F337 /* GoodWeather */ = {
			isa = PBXGroup;
			children = (
				078035F028FD82D50041F337 /* Extensions */,
				078035ED28FD82560041F337 /* Utils */,
				078035EA28FD82020041F337 /* View Models */,
				078035E728FD793B0041F337 /* Models */,
				078035E428FD715B0041F337 /* Services */,
				078035E128FD66F50041F337 /* Custom Cells */,
				078035DC28FD5D910041F337 /* Controller */,
				078035C828FD55750041F337 /* AppDelegate.swift */,
				078035CA28FD55750041F337 /* SceneDelegate.swift */,
				078035CC28FD55750041F337 /* ViewController.swift */,
				078035CE28FD55750041F337 /* Main.storyboard */,
				078035D128FD55770041F337 /* Assets.xcassets */,
				078035D328FD55770041F337 /* LaunchScreen.storyboard */,
				078035D628FD55770041F337 /* Info.plist */,
			);
			path = GoodWeather;
			sourceTree = "<group>";
		};
		078035DC28FD5D910041F337 /* Controller */ = {
			isa = PBXGroup;
			children = (
				078035DD28FD5DA60041F337 /* WeatherListTableViewController.swift */,
				078035F728FD8F090041F337 /* AppSettingTableViewController.swift */,
				078035DF28FD5DDC0041F337 /* AddWeatherCityViewController.swift */,
			);
			path = Controller;
			sourceTree = "<group>";
		};
		078035E128FD66F50041F337 /* Custom Cells */ = {
			isa = PBXGroup;
			children = (
				078035E228FD670F0041F337 /* WeatherCell.swift */,
			);
			path = "Custom Cells";
			sourceTree = "<group>";
		};
		078035E428FD715B0041F337 /* Services */ = {
			isa = PBXGroup;
			children = (
				078035E528FD71630041F337 /* Webservice.swift */,
			);
			path = Services;
			sourceTree = "<group>";
		};
		078035E728FD793B0041F337 /* Models */ = {
			isa = PBXGroup;
			children = (
				078035E828FD796F0041F337 /* WeatherResponse.swift */,
			);
			path = Models;
			sourceTree = "<group>";
		};
		078035EA28FD82020041F337 /* View Models */ = {
			isa = PBXGroup;
			children = (
				078035EB28FD820F0041F337 /* AddWeatherViewModel.swift */,
				078035F328FD84E20041F337 /* WeatherListViewModel.swift */,
			);
			path = "View Models";
			sourceTree = "<group>";
		};
		078035ED28FD82560041F337 /* Utils */ = {
			isa = PBXGroup;
			children = (
				078035EE28FD82600041F337 /* Constants.swift */,
			);
			path = Utils;
			sourceTree = "<group>";
		};
		078035F028FD82D50041F337 /* Extensions */ = {
			isa = PBXGroup;
			children = (
				078035F128FD82E10041F337 /* String+Extension.swift */,
				078035F528FD8D140041F337 /* Double+Extension.swift */,
			);
			path = Extensions;
			sourceTree = "<group>";
		};
/* End PBXGroup section */

/* Begin PBXNativeTarget section */
		078035C428FD55750041F337 /* GoodWeather */ = {
			isa = PBXNativeTarget;
			buildConfigurationList = 078035D928FD55770041F337 /* Build configuration list for PBXNativeTarget "GoodWeather" */;
			buildPhases = (
				078035C128FD55750041F337 /* Sources */,
				078035C228FD55750041F337 /* Frameworks */,
				078035C328FD55750041F337 /* Resources */,
			);
			buildRules = (
			);
			dependencies = (
			);
			name = GoodWeather;
			productName = GoodWeather;
			productReference = 078035C528FD55750041F337 /* GoodWeather.app */;
			productType = "com.apple.product-type.application";
		};
/* End PBXNativeTarget section */

/* Begin PBXProject section */
		078035BD28FD55750041F337 /* Project object */ = {
			isa = PBXProject;
			attributes = {
				BuildIndependentTargetsInParallel = 1;
				LastSwiftUpdateCheck = 1340;
				LastUpgradeCheck = 1340;
				TargetAttributes = {
					078035C428FD55750041F337 = {
						CreatedOnToolsVersion = 13.4.1;
					};
				};
			};
			buildConfigurationList = 078035C028FD55750041F337 /* Build configuration list for PBXProject "GoodWeather" */;
			compatibilityVersion = "Xcode 13.0";
			developmentRegion = en;
			hasScannedForEncodings = 0;
			knownRegions = (
				en,
				Base,
			);
			mainGroup = 078035BC28FD55750041F337;
			productRefGroup = 078035C628FD55750041F337 /* Products */;
			projectDirPath = "";
			projectRoot = "";
			targets = (
				078035C428FD55750041F337 /* GoodWeather */,
			);
		};
/* End PBXProject section */

/* Begin PBXResourcesBuildPhase section */
		078035C328FD55750041F337 /* Resources */ = {
			isa = PBXResourcesBuildPhase;
			buildActionMask = 2147483647;
			files = (
				078035D528FD55770041F337 /* LaunchScreen.storyboard in Resources */,
				078035D228FD55770041F337 /* Assets.xcassets in Resources */,
				078035D028FD55750041F337 /* Main.storyboard in Resources */,
			);
			runOnlyForDeploymentPostprocessing = 0;
		};
/* End PBXResourcesBuildPhase section */

/* Begin PBXSourcesBuildPhase section */
		078035C128FD55750041F337 /* Sources */ = {
			isa = PBXSourcesBuildPhase;
			buildActionMask = 2147483647;
			files = (
				078035CD28FD55750041F337 /* ViewController.swift in Sources */,
				078035F228FD82E10041F337 /* String+Extension.swift in Sources */,
				078035E628FD71630041F337 /* Webservice.swift in Sources */,
				078035E028FD5DDC0041F337 /* AddWeatherCityViewController.swift in Sources */,
				078035F628FD8D140041F337 /* Double+Extension.swift in Sources */,
				078035E328FD670F0041F337 /* WeatherCell.swift in Sources */,
				078035EC28FD820F0041F337 /* AddWeatherViewModel.swift in Sources */,
				078035EF28FD82600041F337 /* Constants.swift in Sources */,
				078035C928FD55750041F337 /* AppDelegate.swift in Sources */,
				078035DE28FD5DA60041F337 /* WeatherListTableViewController.swift in Sources */,
				078035F428FD84E20041F337 /* WeatherListViewModel.swift in Sources */,
				078035CB28FD55750041F337 /* SceneDelegate.swift in Sources */,
				078035F828FD8F090041F337 /* AppSettingTableViewController.swift in Sources */,
				078035E928FD796F0041F337 /* WeatherResponse.swift in Sources */,
			);
			runOnlyForDeploymentPostprocessing = 0;
		};
/* End PBXSourcesBuildPhase section */

/* Begin PBXVariantGroup section */
		078035CE28FD55750041F337 /* Main.storyboard */ = {
			isa = PBXVariantGroup;
			children = (
				078035CF28FD55750041F337 /* Base */,
			);
			name = Main.storyboard;
			sourceTree = "<group>";
		};
		078035D328FD55770041F337 /* LaunchScreen.storyboard */ = {
			isa = PBXVariantGroup;
			children = (
				078035D428FD55770041F337 /* Base */,
			);
			name = LaunchScreen.storyboard;
			sourceTree = "<group>";
		};
/* End PBXVariantGroup section */

/* Begin XCBuildConfiguration section */
		078035D728FD55770041F337 /* Debug */ = {
			isa = XCBuildConfiguration;
			buildSettings = {
				ALWAYS_SEARCH_USER_PATHS = NO;
				CLANG_ANALYZER_NONNULL = YES;
				CLANG_ANALYZER_NUMBER_OBJECT_CONVERSION = YES_AGGRESSIVE;
				CLANG_CXX_LANGUAGE_STANDARD = "gnu++17";
				CLANG_ENABLE_MODULES = YES;
				CLANG_ENABLE_OBJC_ARC = YES;
				CLANG_ENABLE_OBJC_WEAK = YES;
				CLANG_WARN_BLOCK_CAPTURE_AUTORELEASING = YES;
				CLANG_WARN_BOOL_CONVERSION = YES;
				CLANG_WARN_COMMA = YES;
				CLANG_WARN_CONSTANT_CONVERSION = YES;
				CLANG_WARN_DEPRECATED_OBJC_IMPLEMENTATIONS = YES;
				CLANG_WARN_DIRECT_OBJC_ISA_USAGE = YES_ERROR;
				CLANG_WARN_DOCUMENTATION_COMMENTS = YES;
				CLANG_WARN_EMPTY_BODY = YES;
				CLANG_WARN_ENUM_CONVERSION = YES;
				CLANG_WARN_INFINITE_RECURSION = YES;
				CLANG_WARN_INT_CONVERSION = YES;
				CLANG_WARN_NON_LITERAL_NULL_CONVERSION = YES;
				CLANG_WARN_OBJC_IMPLICIT_RETAIN_SELF = YES;
				CLANG_WARN_OBJC_LITERAL_CONVERSION = YES;
				CLANG_WARN_OBJC_ROOT_CLASS = YES_ERROR;
				CLANG_WARN_QUOTED_INCLUDE_IN_FRAMEWORK_HEADER = YES;
				CLANG_WARN_RANGE_LOOP_ANALYSIS = YES;
				CLANG_WARN_STRICT_PROTOTYPES = YES;
				CLANG_WARN_SUSPICIOUS_MOVE = YES;
				CLANG_WARN_UNGUARDED_AVAILABILITY = YES_AGGRESSIVE;
				CLANG_WARN_UNREACHABLE_CODE = YES;
				CLANG_WARN__DUPLICATE_METHOD_MATCH = YES;
				COPY_PHASE_STRIP = NO;
				DEBUG_INFORMATION_FORMAT = dwarf;
				ENABLE_STRICT_OBJC_MSGSEND = YES;
				ENABLE_TESTABILITY = YES;
				GCC_C_LANGUAGE_STANDARD = gnu11;
				GCC_DYNAMIC_NO_PIC = NO;
				GCC_NO_COMMON_BLOCKS = YES;
				GCC_OPTIMIZATION_LEVEL = 0;
				GCC_PREPROCESSOR_DEFINITIONS = (
					"DEBUG=1",
					"$(inherited)",
				);
				GCC_WARN_64_TO_32_BIT_CONVERSION = YES;
				GCC_WARN_ABOUT_RETURN_TYPE = YES_ERROR;
				GCC_WARN_UNDECLARED_SELECTOR = YES;
				GCC_WARN_UNINITIALIZED_AUTOS = YES_AGGRESSIVE;
				GCC_WARN_UNUSED_FUNCTION = YES;
				GCC_WARN_UNUSED_VARIABLE = YES;
				IPHONEOS_DEPLOYMENT_TARGET = 15.5;
				MTL_ENABLE_DEBUG_INFO = INCLUDE_SOURCE;
				MTL_FAST_MATH = YES;
				ONLY_ACTIVE_ARCH = YES;
				SDKROOT = iphoneos;
				SWIFT_ACTIVE_COMPILATION_CONDITIONS = DEBUG;
				SWIFT_OPTIMIZATION_LEVEL = "-Onone";
			};
			name = Debug;
		};
		078035D828FD55770041F337 /* Release */ = {
			isa = XCBuildConfiguration;
			buildSettings = {
				ALWAYS_SEARCH_USER_PATHS = NO;
				CLANG_ANALYZER_NONNULL = YES;
				CLANG_ANALYZER_NUMBER_OBJECT_CONVERSION = YES_AGGRESSIVE;
				CLANG_CXX_LANGUAGE_STANDARD = "gnu++17";
				CLANG_ENABLE_MODULES = YES;
				CLANG_ENABLE_OBJC_ARC = YES;
				CLANG_ENABLE_OBJC_WEAK = YES;
				CLANG_WARN_BLOCK_CAPTURE_AUTORELEASING = YES;
				CLANG_WARN_BOOL_CONVERSION = YES;
				CLANG_WARN_COMMA = YES;
				CLANG_WARN_CONSTANT_CONVERSION = YES;
				CLANG_WARN_DEPRECATED_OBJC_IMPLEMENTATIONS = YES;
				CLANG_WARN_DIRECT_OBJC_ISA_USAGE = YES_ERROR;
				CLANG_WARN_DOCUMENTATION_COMMENTS = YES;
				CLANG_WARN_EMPTY_BODY = YES;
				CLANG_WARN_ENUM_CONVERSION = YES;
				CLANG_WARN_INFINITE_RECURSION = YES;
				CLANG_WARN_INT_CONVERSION = YES;
				CLANG_WARN_NON_LITERAL_NULL_CONVERSION = YES;
				CLANG_WARN_OBJC_IMPLICIT_RETAIN_SELF = YES;
				CLANG_WARN_OBJC_LITERAL_CONVERSION = YES;
				CLANG_WARN_OBJC_ROOT_CLASS = YES_ERROR;
				CLANG_WARN_QUOTED_INCLUDE_IN_FRAMEWORK_HEADER = YES;
				CLANG_WARN_RANGE_LOOP_ANALYSIS = YES;
				CLANG_WARN_STRICT_PROTOTYPES = YES;
				CLANG_WARN_SUSPICIOUS_MOVE = YES;
				CLANG_WARN_UNGUARDED_AVAILABILITY = YES_AGGRESSIVE;
				CLANG_WARN_UNREACHABLE_CODE = YES;
				CLANG_WARN__DUPLICATE_METHOD_MATCH = YES;
				COPY_PHASE_STRIP = NO;
				DEBUG_INFORMATION_FORMAT = "dwarf-with-dsym";
				ENABLE_NS_ASSERTIONS = NO;
				ENABLE_STRICT_OBJC_MSGSEND = YES;
				GCC_C_LANGUAGE_STANDARD = gnu11;
				GCC_NO_COMMON_BLOCKS = YES;
				GCC_WARN_64_TO_32_BIT_CONVERSION = YES;
				GCC_WARN_ABOUT_RETURN_TYPE = YES_ERROR;
				GCC_WARN_UNDECLARED_SELECTOR = YES;
				GCC_WARN_UNINITIALIZED_AUTOS = YES_AGGRESSIVE;
				GCC_WARN_UNUSED_FUNCTION = YES;
				GCC_WARN_UNUSED_VARIABLE = YES;
				IPHONEOS_DEPLOYMENT_TARGET = 15.5;
				MTL_ENABLE_DEBUG_INFO = NO;
				MTL_FAST_MATH = YES;
				SDKROOT = iphoneos;
				SWIFT_COMPILATION_MODE = wholemodule;
				SWIFT_OPTIMIZATION_LEVEL = "-O";
				VALIDATE_PRODUCT = YES;
			};
			name = Release;
		};
		078035DA28FD55770041F337 /* Debug */ = {
			isa = XCBuildConfiguration;
			buildSettings = {
				ASSETCATALOG_COMPILER_APPICON_NAME = AppIcon;
				ASSETCATALOG_COMPILER_GLOBAL_ACCENT_COLOR_NAME = AccentColor;
				CODE_SIGN_STYLE = Automatic;
				CURRENT_PROJECT_VERSION = 1;
				DEVELOPMENT_TEAM = NF9G85TZ2T;
				GENERATE_INFOPLIST_FILE = YES;
				INFOPLIST_FILE = GoodWeather/Info.plist;
				INFOPLIST_KEY_UIApplicationSupportsIndirectInputEvents = YES;
				INFOPLIST_KEY_UILaunchStoryboardName = LaunchScreen;
				INFOPLIST_KEY_UIMainStoryboardFile = Main;
				INFOPLIST_KEY_UISupportedInterfaceOrientations_iPad = "UIInterfaceOrientationPortrait UIInterfaceOrientationPortraitUpsideDown UIInterfaceOrientationLandscapeLeft UIInterfaceOrientationLandscapeRight";
				INFOPLIST_KEY_UISupportedInterfaceOrientations_iPhone = "UIInterfaceOrientationPortrait UIInterfaceOrientationLandscapeLeft UIInterfaceOrientationLandscapeRight";
				LD_RUNPATH_SEARCH_PATHS = (
					"$(inherited)",
					"@executable_path/Frameworks",
				);
				MARKETING_VERSION = 1.0;
				PRODUCT_BUNDLE_IDENTIFIER = OurTrees.GoodWeather;
				PRODUCT_NAME = "$(TARGET_NAME)";
				SWIFT_EMIT_LOC_STRINGS = YES;
				SWIFT_VERSION = 5.0;
				TARGETED_DEVICE_FAMILY = "1,2";
			};
			name = Debug;
		};
		078035DB28FD55770041F337 /* Release */ = {
			isa = XCBuildConfiguration;
			buildSettings = {
				ASSETCATALOG_COMPILER_APPICON_NAME = AppIcon;
				ASSETCATALOG_COMPILER_GLOBAL_ACCENT_COLOR_NAME = AccentColor;
				CODE_SIGN_STYLE = Automatic;
				CURRENT_PROJECT_VERSION = 1;
				DEVELOPMENT_TEAM = NF9G85TZ2T;
				GENERATE_INFOPLIST_FILE = YES;
				INFOPLIST_FILE = GoodWeather/Info.plist;
				INFOPLIST_KEY_UIApplicationSupportsIndirectInputEvents = YES;
				INFOPLIST_KEY_UILaunchStoryboardName = LaunchScreen;
				INFOPLIST_KEY_UIMainStoryboardFile = Main;
				INFOPLIST_KEY_UISupportedInterfaceOrientations_iPad = "UIInterfaceOrientationPortrait UIInterfaceOrientationPortraitUpsideDown UIInterfaceOrientationLandscapeLeft UIInterfaceOrientationLandscapeRight";
				INFOPLIST_KEY_UISupportedInterfaceOrientations_iPhone = "UIInterfaceOrientationPortrait UIInterfaceOrientationLandscapeLeft UIInterfaceOrientationLandscapeRight";
				LD_RUNPATH_SEARCH_PATHS = (
					"$(inherited)",
					"@executable_path/Frameworks",
				);
				MARKETING_VERSION = 1.0;
				PRODUCT_BUNDLE_IDENTIFIER = OurTrees.GoodWeather;
				PRODUCT_NAME = "$(TARGET_NAME)";
				SWIFT_EMIT_LOC_STRINGS = YES;
				SWIFT_VERSION = 5.0;
				TARGETED_DEVICE_FAMILY = "1,2";
			};
			name = Release;
		};
/* End XCBuildConfiguration section */

/* Begin XCConfigurationList section */
		078035C028FD55750041F337 /* Build configuration list for PBXProject "GoodWeather" */ = {
			isa = XCConfigurationList;
			buildConfigurations = (
				078035D728FD55770041F337 /* Debug */,
				078035D828FD55770041F337 /* Release */,
			);
			defaultConfigurationIsVisible = 0;
			defaultConfigurationName = Release;
		};
		078035D928FD55770041F337 /* Build configuration list for PBXNativeTarget "GoodWeather" */ = {
			isa = XCConfigurationList;
			buildConfigurations = (
				078035DA28FD55770041F337 /* Debug */,
				078035DB28FD55770041F337 /* Release */,
			);
			defaultConfigurationIsVisible = 0;
			defaultConfigurationName = Release;
		};
/* End XCConfigurationList section */
	};
	rootObject = 078035BD28FD55750041F337 /* Project object */;
}
